github.com/andybalholm/brotli v1.0.4 h1:V7DdXeJtZscaqfNuAdSRuRFzuiKlHSC/Zh3zl9qY3JY=
github.com/andybalholm/brotli v1.0.4/go.mod h1:fO7iG3H7G2nSZ7m0zPUDn85XEX2GTukHGRSepvi9Eig=
github.com/bogdanfinn/fhttp v0.4.1 h1:WC9JU/s3ngtbQNlsRr0N8W55JWJhoxnPROGIFHP5Sqs=
github.com/bogdanfinn/fhttp v0.4.1/go.mod h1:XaPvqqW3dplXFKXqb6xr8xX412zfjFs8N4IOKEEX5Dc=
github.com/bogdanfinn/tls-client v0.4.5 h1:guhnfHdqV2P7WMcC0WWAzhsutJ0g7YSnwhILLnSSr34=
github.com/bogdanfinn/tls-client v0.4.5/go.mod h1:Gp1ACHhtgG46hM6xGasKQ0xORmK8qBi/thIZ7nkLMXE=
github.com/bogdanfinn/utls v0.4.1 h1:PwOOCepidme62XI+ECrWgWhvnyb3qJbvuEZaReGT1yM=
github.com/bogdanfinn/utls v0.4.1/go.mod h1:FPF9ygi+iA4S/apxLKSXOUx7uIy7spLzl3AEFSKOeiI=
github.com/klauspost/compress v1.15.9 h1:wKRjX6JRtDdrE9qwa4b/Cip7ACOshUI4smpCQanqjSY=
github.com/klauspost/compress v1.15.9/go.mod h1:PhcZ0MbTNciWF3rruxRgKxI5NkcHHrHUDtV4Yw2GlzU=
golang.org/x/crypto v0.0.0-20220411220226-7b82a4e95df4 h1:kUhD7nTDoI3fVd9G4ORWrbV5NY0liEs/Jg2pv5f+bBA=
golang.org/x/crypto v0.0.0-20220411220226-7b82a4e95df4/go.mod h1:IxCIyHEi3zRg3s0A5j5BB6A9Jmi73HwBIUl50j+osU4=
golang.org/x/net v0.0.0-20220622184535-263ec571b305 h1:dAgbJ2SP4jD6XYfMNLVj0BF21jo2PjChrtGaAvF5M3I=
golang.org/x/net v0.0.0-20220622184535-263ec571b305/go.mod h1:XRhObCWvk6IyKnWLug+ECip1KBveYUHfp+8e9klMJ9c=
golang.org/x/sys v0.0.0-20220520151302-bc2c85ada10a h1:dGzPydgVsqGcTRVwiLJ1jVbufYwmzD3LfVPLKsKg+0k=
golang.org/x/sys v0.0.0-20220520151302-bc2c85ada10a/go.mod h1:oPkhp1MJrh7nUepCBck5+mAzfO9JrbApNNgaTdGDITg=
golang.org/x/text v0.3.7 h1:olpwvP2KacW1ZWvsR7uQhoyTYvKAupfQrRGBFM352Gk=
golang.org/x/text v0.3.7/go.mod h1:u+2+/6zg+i71rQMx5EYifcz6MCKuco9NR6JIITiCfzQ=
